
Microsoft Visual Studio Solution File, Format Version 12.00
# Visual Studio Version 17
VisualStudioVersion = 17.3.32825.248
MinimumVisualStudioVersion = 10.0.40219.1
Project("{FAE04EC0-301F-11D3-BF4B-00C04F79EFBC}") = "Menu for cakes", "Menu for cakes\Menu for cakes.csproj", "{98F42791-2EC8-4DF0-944A-C0321711CE5D}"
EndProject
Global
	GlobalSection(SolutionConfigurationPlatforms) = preSolution
		Debug|Any CPU = Debug|Any CPU
		Release|Any CPU = Release|Any CPU
	EndGlobalSection
	GlobalSection(ProjectConfigurationPlatforms) = postSolution
		{98F42791-2EC8-4DF0-944A-C0321711CE5D}.Debug|Any CPU.ActiveCfg = Debug|Any CPU
		{98F42791-2EC8-4DF0-944A-C0321711CE5D}.Debug|Any CPU.Build.0 = Debug|Any CPU
		{98F42791-2EC8-4DF0-944A-C0321711CE5D}.Release|Any CPU.ActiveCfg = Release|Any CPU
		{98F42791-2EC8-4DF0-944A-C0321711CE5D}.Release|Any CPU.Build.0 = Release|Any CPU
	EndGlobalSection
	GlobalSection(SolutionProperties) = preSolution
		HideSolutionNode = FALSE
	EndGlobalSection
	GlobalSection(ExtensibilityGlobals) = postSolution
		SolutionGuid = {92299F25-8F75-4758-9B71-569EEB80B2CD}
	EndGlobalSection
EndGlobal
